
Microsoft Visual Studio Solution File, Format Version 12.00
# Visual Studio 14
VisualStudioVersion = 14.0.25420.1
MinimumVisualStudioVersion = 10.0.40219.1
Project("{FAE04EC0-301F-11D3-BF4B-00C04F79EFBC}") = "SportSystem.Models", "SportSystem.Models\SportSystem.Models.csproj", "{5FB9FCD3-4313-4802-8388-7BD206C66391}"
EndProject
Project("{FAE04EC0-301F-11D3-BF4B-00C04F79EFBC}") = "SportSystem.Data", "SportSystem.Data\SportSystem.Data.csproj", "{94F9F0F8-B672-4BFF-913B-F6AD5F59AEB4}"
EndProject
Project("{FAE04EC0-301F-11D3-BF4B-00C04F79EFBC}") = "SportSystem.ConsoleClient", "SportSystem.ConsoleClient\SportSystem.ConsoleClient.csproj", "{92D4822D-2B84-49BF-9A51-9E7476FD25E9}"
EndProject
Project("{FAE04EC0-301F-11D3-BF4B-00C04F79EFBC}") = "SportsSystem.Importer", "SportsSystem.Importer\SportsSystem.Importer.csproj", "{230009B1-EC06-43E1-85B4-044409D6D976}"
EndProject
Global
	GlobalSection(SolutionConfigurationPlatforms) = preSolution
		Debug|Any CPU = Debug|Any CPU
		Release|Any CPU = Release|Any CPU
	EndGlobalSection
	GlobalSection(ProjectConfigurationPlatforms) = postSolution
		{5FB9FCD3-4313-4802-8388-7BD206C66391}.Debug|Any CPU.ActiveCfg = Debug|Any CPU
		{5FB9FCD3-4313-4802-8388-7BD206C66391}.Debug|Any CPU.Build.0 = Debug|Any CPU
		{5FB9FCD3-4313-4802-8388-7BD206C66391}.Release|Any CPU.ActiveCfg = Release|Any CPU
		{5FB9FCD3-4313-4802-8388-7BD206C66391}.Release|Any CPU.Build.0 = Release|Any CPU
		{94F9F0F8-B672-4BFF-913B-F6AD5F59AEB4}.Debug|Any CPU.ActiveCfg = Debug|Any CPU
		{94F9F0F8-B672-4BFF-913B-F6AD5F59AEB4}.Debug|Any CPU.Build.0 = Debug|Any CPU
		{94F9F0F8-B672-4BFF-913B-F6AD5F59AEB4}.Release|Any CPU.ActiveCfg = Release|Any CPU
		{94F9F0F8-B672-4BFF-913B-F6AD5F59AEB4}.Release|Any CPU.Build.0 = Release|Any CPU
		{92D4822D-2B84-49BF-9A51-9E7476FD25E9}.Debug|Any CPU.ActiveCfg = Debug|Any CPU
		{92D4822D-2B84-49BF-9A51-9E7476FD25E9}.Debug|Any CPU.Build.0 = Debug|Any CPU
		{92D4822D-2B84-49BF-9A51-9E7476FD25E9}.Release|Any CPU.ActiveCfg = Release|Any CPU
		{92D4822D-2B84-49BF-9A51-9E7476FD25E9}.Release|Any CPU.Build.0 = Release|Any CPU
		{230009B1-EC06-43E1-85B4-044409D6D976}.Debug|Any CPU.ActiveCfg = Debug|Any CPU
		{230009B1-EC06-43E1-85B4-044409D6D976}.Debug|Any CPU.Build.0 = Debug|Any CPU
		{230009B1-EC06-43E1-85B4-044409D6D976}.Release|Any CPU.ActiveCfg = Release|Any CPU
		{230009B1-EC06-43E1-85B4-044409D6D976}.Release|Any CPU.Build.0 = Release|Any CPU
	EndGlobalSection
	GlobalSection(SolutionProperties) = preSolution
		HideSolutionNode = FALSE
	EndGlobalSection
EndGlobal
